{
	"name": "helloworld",
	"version": "1.0.0",
	"lockfileVersion": 3,
	"requires": true,
	"packages": {
		"": {
			"name": "helloworld",
			"version": "1.0.0",
			"devDependencies": {
				"@types/node": "24.2.0",
				"@types/nw.js": "0.92.0"
			}
		},
		"node_modules/@types/node": {
			"version": "24.2.0",
			"resolved": "https://registry.npmjs.org/@types/node/-/node-24.2.0.tgz",
			"integrity": "sha512-3xyG3pMCq3oYCNg7/ZP+E1ooTaGB4cG8JWRsqqOYQdbWNY4zbaV0Ennrd7stjiJEFZCaybcIgpTjJWHRfBSIDw==",
			"dev": true,
			"license": "MIT",
			"dependencies": {
				"undici-types": "~7.10.0"
			}
		},
		"node_modules/@types/nw.js": {
			"version": "0.92.0",
			"resolved": "https://registry.npmjs.org/@types/nw.js/-/nw.js-0.92.0.tgz",
			"integrity": "sha512-Lmang5tGGogfjSXx0DTeM3VN48rAX8wF/F+1fGbBd/NaU6RgPBogmzgjqsmqufRqpsZQD5d9fGfCyyzMg43ZkQ==",
			"dev": true,
			"license": "MIT",
			"dependencies": {
				"@types/node": "*"
			}
		},
		"node_modules/undici-types": {
			"version": "7.10.0",
			"resolved": "https://registry.npmjs.org/undici-types/-/undici-types-7.10.0.tgz",
			"integrity": "sha512-t5Fy/nfn+14LuOc2KNYg75vZqClpAiqscVvMygNnlsHBFpSXdJaYtXMcdNLpl/Qvc3P2cB3s6lOV51nqsFq4ag==",
			"dev": true,
			"license": "MIT"
		}
	}
}
